
Microsoft Visual Studio Solution File, Format Version 12.00
# Visual Studio Version 17
VisualStudioVersion = 17.10.35013.160
MinimumVisualStudioVersion = 10.0.40219.1
Project("{FAE04EC0-301F-11D3-BF4B-00C04F79EFBC}") = "AbstractClass,Methods", "AbstractClass,Methods.csproj", "{240A6743-9DDF-43AD-83DA-0B2D1B1BDD8F}"
EndProject
Global
	GlobalSection(SolutionConfigurationPlatforms) = preSolution
		Debug|Any CPU = Debug|Any CPU
		Release|Any CPU = Release|Any CPU
	EndGlobalSection
	GlobalSection(ProjectConfigurationPlatforms) = postSolution
		{240A6743-9DDF-43AD-83DA-0B2D1B1BDD8F}.Debug|Any CPU.ActiveCfg = Debug|Any CPU
		{240A6743-9DDF-43AD-83DA-0B2D1B1BDD8F}.Debug|Any CPU.Build.0 = Debug|Any CPU
		{240A6743-9DDF-43AD-83DA-0B2D1B1BDD8F}.Release|Any CPU.ActiveCfg = Release|Any CPU
		{240A6743-9DDF-43AD-83DA-0B2D1B1BDD8F}.Release|Any CPU.Build.0 = Release|Any CPU
	EndGlobalSection
	GlobalSection(SolutionProperties) = preSolution
		HideSolutionNode = FALSE
	EndGlobalSection
	GlobalSection(ExtensibilityGlobals) = postSolution
		SolutionGuid = {70DF40E7-B8EB-4119-BC6B-2376CE4CCBD0}
	EndGlobalSection
EndGlobal
